
Microsoft Visual Studio Solution File, Format Version 12.00
# Visual Studio Version 16
VisualStudioVersion = 16.0.32901.82
MinimumVisualStudioVersion = 10.0.40219.1
Project("{9A19103F-16F7-4668-BE54-9A1E7A4F7556}") = "ULTRAVR", "ULTRAVR.csproj", "{1049B1E3-DCB9-4B40-B113-C84CB004E2F9}"
EndProject
Project("{FAE04EC0-301F-11D3-BF4B-00C04F79EFBC}") = "VRPatcher", "..\VRPatcher\VRPatcher.csproj", "{D5D7A389-E84E-412A-A69E-C6A91A46BEC3}"
EndProject
Global
	GlobalSection(SolutionConfigurationPlatforms) = preSolution
		Debug|Any CPU = Debug|Any CPU
		Release|Any CPU = Release|Any CPU
	EndGlobalSection
	GlobalSection(ProjectConfigurationPlatforms) = postSolution
		{1049B1E3-DCB9-4B40-B113-C84CB004E2F9}.Debug|Any CPU.ActiveCfg = Debug|Any CPU
		{1049B1E3-DCB9-4B40-B113-C84CB004E2F9}.Debug|Any CPU.Build.0 = Debug|Any CPU
		{1049B1E3-DCB9-4B40-B113-C84CB004E2F9}.Release|Any CPU.ActiveCfg = Release|Any CPU
		{1049B1E3-DCB9-4B40-B113-C84CB004E2F9}.Release|Any CPU.Build.0 = Release|Any CPU
		{D5D7A389-E84E-412A-A69E-C6A91A46BEC3}.Debug|Any CPU.ActiveCfg = Debug|Any CPU
		{D5D7A389-E84E-412A-A69E-C6A91A46BEC3}.Debug|Any CPU.Build.0 = Debug|Any CPU
		{D5D7A389-E84E-412A-A69E-C6A91A46BEC3}.Release|Any CPU.ActiveCfg = Release|Any CPU
		{D5D7A389-E84E-412A-A69E-C6A91A46BEC3}.Release|Any CPU.Build.0 = Release|Any CPU
	EndGlobalSection
	GlobalSection(SolutionProperties) = preSolution
		HideSolutionNode = FALSE
	EndGlobalSection
	GlobalSection(ExtensibilityGlobals) = postSolution
		SolutionGuid = {80DE4EEA-8D0C-4CB3-86B5-0C75AD7746C0}
	EndGlobalSection
EndGlobal
